
Microsoft Visual Studio Solution File, Format Version 12.00
# Visual Studio Version 16
VisualStudioVersion = 16.0.33801.447
MinimumVisualStudioVersion = 10.0.40219.1
Project("{FAE04EC0-301F-11D3-BF4B-00C04F79EFBC}") = "WAT-2-TENANT", "WAT-2-TENANT\WAT-2-TENANT.csproj", "{C7388906-30BB-4D43-AA40-05C2414FB93E}"
EndProject
Global
	GlobalSection(SolutionConfigurationPlatforms) = preSolution
		Debug|Any CPU = Debug|Any CPU
		Release|Any CPU = Release|Any CPU
	EndGlobalSection
	GlobalSection(ProjectConfigurationPlatforms) = postSolution
		{C7388906-30BB-4D43-AA40-05C2414FB93E}.Debug|Any CPU.ActiveCfg = Debug|Any CPU
		{C7388906-30BB-4D43-AA40-05C2414FB93E}.Debug|Any CPU.Build.0 = Debug|Any CPU
		{C7388906-30BB-4D43-AA40-05C2414FB93E}.Release|Any CPU.ActiveCfg = Release|Any CPU
		{C7388906-30BB-4D43-AA40-05C2414FB93E}.Release|Any CPU.Build.0 = Release|Any CPU
	EndGlobalSection
	GlobalSection(SolutionProperties) = preSolution
		HideSolutionNode = FALSE
	EndGlobalSection
	GlobalSection(ExtensibilityGlobals) = postSolution
		SolutionGuid = {44581423-6D2C-4C68-AA9F-51B48ADE73C3}
	EndGlobalSection
EndGlobal
